// !$*UTF8*$!
{
	archiveVersion = 1;
	classes = {
	};
	objectVersion = 46;
	objects = {

/* Begin PBXBuildFile section */
		18BA796A1BF347C000FFB8B1 /* main.m in Sources */ = {isa = PBXBuildFile; fileRef = 18BA79691BF347C000FFB8B1 /* main.m */; };
		18BA796D1BF347C000FFB8B1 /* AppDelegate.m in Sources */ = {isa = PBXBuildFile; fileRef = 18BA796C1BF347C000FFB8B1 /* AppDelegate.m */; };
		18BA79701BF347C000FFB8B1 /* ViewController.m in Sources */ = {isa = PBXBuildFile; fileRef = 18BA796F1BF347C000FFB8B1 /* ViewController.m */; };
		18BA79731BF347C000FFB8B1 /* Main.storyboard in Resources */ = {isa = PBXBuildFile; fileRef = 18BA79711BF347C000FFB8B1 /* Main.storyboard */; };
		18BA79751BF347C000FFB8B1 /* Images.xcassets in Resources */ = {isa = PBXBuildFile; fileRef = 18BA79741BF347C000FFB8B1 /* Images.xcassets */; };
		18BA79781BF347C000FFB8B1 /* LaunchScreen.xib in Resources */ = {isa = PBXBuildFile; fileRef = 18BA79761BF347C000FFB8B1 /* LaunchScreen.xib */; };
		18BA79841BF347C000FFB8B1 /* abcdTests.m in Sources */ = {isa = PBXBuildFile; fileRef = 18BA79831BF347C000FFB8B1 /* abcdTests.m */; };
		18BA798F1BF34B4300FFB8B1 /* ViewController2.m in Sources */ = {isa = PBXBuildFile; fileRef = 18BA798E1BF34B4300FFB8B1 /* ViewController2.m */; };
		18BA79921BF34BB700FFB8B1 /* aaaaaa.m in Sources */ = {isa = PBXBuildFile; fileRef = 18BA79911BF34BB700FFB8B1 /* aaaaaa.m */; };
/* End PBXBuildFile section */

/* Begin PBXContainerItemProxy section */
		18BA797E1BF347C000FFB8B1 /* PBXContainerItemProxy */ = {
			isa = PBXContainerItemProxy;
			containerPortal = 18BA795C1BF347C000FFB8B1 /* Project object */;
			proxyType = 1;
			remoteGlobalIDString = 18BA79631BF347C000FFB8B1;
			remoteInfo = abcd;
		};
/* End PBXContainerItemProxy section */

/* Begin PBXFileReference section */
		18BA79641BF347C000FFB8B1 /* abcd.app */ = {isa = PBXFileReference; explicitFileType = wrapper.application; includeInIndex = 0; path = abcd.app; sourceTree = BUILT_PRODUCTS_DIR; };
		18BA79681BF347C000FFB8B1 /* Info.plist */ = {isa = PBXFileReference; lastKnownFileType = text.plist.xml; path = Info.plist; sourceTree = "<group>"; };
		18BA79691BF347C000FFB8B1 /* main.m */ = {isa = PBXFileReference; lastKnownFileType = sourcecode.c.objc; path = main.m; sourceTree = "<group>"; };
		18BA796B1BF347C000FFB8B1 /* AppDelegate.h */ = {isa = PBXFileReference; lastKnownFileType = sourcecode.c.h; path = AppDelegate.h; sourceTree = "<group>"; };
		18BA796C1BF347C000FFB8B1 /* AppDelegate.m */ = {isa = PBXFileReference; lastKnownFileType = sourcecode.c.objc; path = AppDelegate.m; sourceTree = "<group>"; };
		18BA796E1BF347C000FFB8B1 /* ViewController.h */ = {isa = PBXFileReference; lastKnownFileType = sourcecode.c.h; path = ViewController.h; sourceTree = "<group>"; };
		18BA796F1BF347C000FFB8B1 /* ViewController.m */ = {isa = PBXFileReference; lastKnownFileType = sourcecode.c.objc; path = ViewController.m; sourceTree = "<group>"; };
		18BA79721BF347C000FFB8B1 /* Base */ = {isa = PBXFileReference; lastKnownFileType = file.storyboard; name = Base; path = Base.lproj/Main.storyboard; sourceTree = "<group>"; };
		18BA79741BF347C000FFB8B1 /* Images.xcassets */ = {isa = PBXFileReference; lastKnownFileType = folder.assetcatalog; path = Images.xcassets; sourceTree = "<group>"; };
		18BA79771BF347C000FFB8B1 /* Base */ = {isa = PBXFileReference; lastKnownFileType = file.xib; name = Base; path = Base.lproj/LaunchScreen.xib; sourceTree = "<group>"; };
		18BA797D1BF347C000FFB8B1 /* abcdTests.xctest */ = {isa = PBXFileReference; explicitFileType = wrapper.cfbundle; includeInIndex = 0; path = abcdTests.xctest; sourceTree = BUILT_PRODUCTS_DIR; };
		18BA79821BF347C000FFB8B1 /* Info.plist */ = {isa = PBXFileReference; lastKnownFileType = text.plist.xml; path = Info.plist; sourceTree = "<group>"; };
		18BA79831BF347C000FFB8B1 /* abcdTests.m */ = {isa = PBXFileReference; lastKnownFileType = sourcecode.c.objc; path = abcdTests.m; sourceTree = "<group>"; };
		18BA798D1BF34B4300FFB8B1 /* ViewController2.h */ = {isa = PBXFileReference; fileEncoding = 4; lastKnownFileType = sourcecode.c.h; path = ViewController2.h; sourceTree = "<group>"; };
		18BA798E1BF34B4300FFB8B1 /* ViewController2.m */ = {isa = PBXFileReference; fileEncoding = 4; lastKnownFileType = sourcecode.c.objc; path = ViewController2.m; sourceTree = "<group>"; };
		18BA79901BF34BB700FFB8B1 /* aaaaaa.h */ = {isa = PBXFileReference; fileEncoding = 4; lastKnownFileType = sourcecode.c.h; path = aaaaaa.h; sourceTree = "<group>"; };
		18BA79911BF34BB700FFB8B1 /* aaaaaa.m */ = {isa = PBXFileReference; fileEncoding = 4; lastKnownFileType = sourcecode.c.objc; path = aaaaaa.m; sourceTree = "<group>"; };
/* End PBXFileReference section */

/* Begin PBXFrameworksBuildPhase section */
		18BA79611BF347C000FFB8B1 /* Frameworks */ = {
			isa = PBXFrameworksBuildPhase;
			buildActionMask = 2147483647;
			files = (
			);
			runOnlyForDeploymentPostprocessing = 0;
		};
		18BA797A1BF347C000FFB8B1 /* Frameworks */ = {
			isa = PBXFrameworksBuildPhase;
			buildActionMask = 2147483647;
			files = (
			);
			runOnlyForDeploymentPostprocessing = 0;
		};
/* End PBXFrameworksBuildPhase section */

/* Begin PBXGroup section */
		18BA795B1BF347C000FFB8B1 = {
			isa = PBXGroup;
			children = (
				18BA79661BF347C000FFB8B1 /* abcd */,
				18BA79801BF347C000FFB8B1 /* abcdTests */,
				18BA79651BF347C000FFB8B1 /* Products */,
			);
			sourceTree = "<group>";
		};
		18BA79651BF347C000FFB8B1 /* Products */ = {
			isa = PBXGroup;
			children = (
				18BA79641BF347C000FFB8B1 /* abcd.app */,
				18BA797D1BF347C000FFB8B1 /* abcdTests.xctest */,
			);
			name = Products;
			sourceTree = "<group>";
		};
		18BA79661BF347C000FFB8B1 /* abcd */ = {
			isa = PBXGroup;
			children = (
				18BA796B1BF347C000FFB8B1 /* AppDelegate.h */,
				18BA796C1BF347C000FFB8B1 /* AppDelegate.m */,
				18BA796E1BF347C000FFB8B1 /* ViewController.h */,
				18BA796F1BF347C000FFB8B1 /* ViewController.m */,
				18BA798D1BF34B4300FFB8B1 /* ViewController2.h */,
				18BA798E1BF34B4300FFB8B1 /* ViewController2.m */,
				18BA79901BF34BB700FFB8B1 /* aaaaaa.h */,
				18BA79911BF34BB700FFB8B1 /* aaaaaa.m */,
				18BA79711BF347C000FFB8B1 /* Main.storyboard */,
				18BA79741BF347C000FFB8B1 /* Images.xcassets */,
				18BA79761BF347C000FFB8B1 /* LaunchScreen.xib */,
				18BA79671BF347C000FFB8B1 /* Supporting Files */,
			);
			path = abcd;
			sourceTree = "<group>";
		};
		18BA79671BF347C000FFB8B1 /* Supporting Files */ = {
			isa = PBXGroup;
			children = (
				18BA79681BF347C000FFB8B1 /* Info.plist */,
				18BA79691BF347C000FFB8B1 /* main.m */,
			);
			name = "Supporting Files";
			sourceTree = "<group>";
		};
		18BA79801BF347C000FFB8B1 /* abcdTests */ = {
			isa = PBXGroup;
			children = (
				18BA79831BF347C000FFB8B1 /* abcdTests.m */,
				18BA79811BF347C000FFB8B1 /* Supporting Files */,
			);
			path = abcdTests;
			sourceTree = "<group>";
		};
		18BA79811BF347C000FFB8B1 /* Supporting Files */ = {
			isa = PBXGroup;
			children = (
				18BA79821BF347C000FFB8B1 /* Info.plist */,
			);
			name = "Supporting Files";
			sourceTree = "<group>";
		};
/* End PBXGroup section */

/* Begin PBXNativeTarget section */
		18BA79631BF347C000FFB8B1 /* abcd */ = {
			isa = PBXNativeTarget;
			buildConfigurationList = 18BA79871BF347C000FFB8B1 /* Build configuration list for PBXNativeTarget "abcd" */;
			buildPhases = (
				18BA79601BF347C000FFB8B1 /* Sources */,
				18BA79611BF347C000FFB8B1 /* Frameworks */,
				18BA79621BF347C000FFB8B1 /* Resources */,
			);
			buildRules = (
			);
			dependencies = (
			);
			name = abcd;
			productName = abcd;
			productReference = 18BA79641BF347C000FFB8B1 /* abcd.app */;
			productType = "com.apple.product-type.application";
		};
		18BA797C1BF347C000FFB8B1 /* abcdTests */ = {
			isa = PBXNativeTarget;
			buildConfigurationList = 18BA798A1BF347C000FFB8B1 /* Build configuration list for PBXNativeTarget "abcdTests" */;
			buildPhases = (
				18BA79791BF347C000FFB8B1 /* Sources */,
				18BA797A1BF347C000FFB8B1 /* Frameworks */,
				18BA797B1BF347C000FFB8B1 /* Resources */,
			);
			buildRules = (
			);
			dependencies = (
				18BA797F1BF347C000FFB8B1 /* PBXTargetDependency */,
			);
			name = abcdTests;
			productName = abcdTests;
			productReference = 18BA797D1BF347C000FFB8B1 /* abcdTests.xctest */;
			productType = "com.apple.product-type.bundle.unit-test";
		};
/* End PBXNativeTarget section */

/* Begin PBXProject section */
		18BA795C1BF347C000FFB8B1 /* Project object */ = {
			isa = PBXProject;
			attributes = {
				LastUpgradeCheck = 0630;
				ORGANIZATIONNAME = apple;
				TargetAttributes = {
					18BA79631BF347C000FFB8B1 = {
						CreatedOnToolsVersion = 6.3;
					};
					18BA797C1BF347C000FFB8B1 = {
						CreatedOnToolsVersion = 6.3;
						TestTargetID = 18BA79631BF347C000FFB8B1;
					};
				};
			};
			buildConfigurationList = 18BA795F1BF347C000FFB8B1 /* Build configuration list for PBXProject "abcd" */;
			compatibilityVersion = "Xcode 3.2";
			developmentRegion = English;
			hasScannedForEncodings = 0;
			knownRegions = (
				en,
				Base,
			);
			mainGroup = 18BA795B1BF347C000FFB8B1;
			productRefGroup = 18BA79651BF347C000FFB8B1 /* Products */;
			projectDirPath = "";
			projectRoot = "";
			targets = (
				18BA79631BF347C000FFB8B1 /* abcd */,
				18BA797C1BF347C000FFB8B1 /* abcdTests */,
			);
		};
/* End PBXProject section */

/* Begin PBXResourcesBuildPhase section */
		18BA79621BF347C000FFB8B1 /* Resources */ = {
			isa = PBXResourcesBuildPhase;
			buildActionMask = 2147483647;
			files = (
				18BA79731BF347C000FFB8B1 /* Main.storyboard in Resources */,
				18BA79781BF347C000FFB8B1 /* LaunchScreen.xib in Resources */,
				18BA79751BF347C000FFB8B1 /* Images.xcassets in Resources */,
			);
			runOnlyForDeploymentPostprocessing = 0;
		};
		18BA797B1BF347C000FFB8B1 /* Resources */ = {
			isa = PBXResourcesBuildPhase;
			buildActionMask = 2147483647;
			files = (
			);
			runOnlyForDeploymentPostprocessing = 0;
		};
/* End PBXResourcesBuildPhase section */

/* Begin PBXSourcesBuildPhase section */
		18BA79601BF347C000FFB8B1 /* Sources */ = {
			isa = PBXSourcesBuildPhase;
			buildActionMask = 2147483647;
			files = (
				18BA79701BF347C000FFB8B1 /* ViewController.m in Sources */,
				18BA798F1BF34B4300FFB8B1 /* ViewController2.m in Sources */,
				18BA796D1BF347C000FFB8B1 /* AppDelegate.m in Sources */,
				18BA79921BF34BB700FFB8B1 /* aaaaaa.m in Sources */,
				18BA796A1BF347C000FFB8B1 /* main.m in Sources */,
			);
			runOnlyForDeploymentPostprocessing = 0;
		};
		18BA79791BF347C000FFB8B1 /* Sources */ = {
			isa = PBXSourcesBuildPhase;
			buildActionMask = 2147483647;
			files = (
				18BA79841BF347C000FFB8B1 /* abcdTests.m in Sources */,
			);
			runOnlyForDeploymentPostprocessing = 0;
		};
/* End PBXSourcesBuildPhase section */

/* Begin PBXTargetDependency section */
		18BA797F1BF347C000FFB8B1 /* PBXTargetDependency */ = {
			isa = PBXTargetDependency;
			target = 18BA79631BF347C000FFB8B1 /* abcd */;
			targetProxy = 18BA797E1BF347C000FFB8B1 /* PBXContainerItemProxy */;
		};
/* End PBXTargetDependency section */

/* Begin PBXVariantGroup section */
		18BA79711BF347C000FFB8B1 /* Main.storyboard */ = {
			isa = PBXVariantGroup;
			children = (
				18BA79721BF347C000FFB8B1 /* Base */,
			);
			name = Main.storyboard;
			sourceTree = "<group>";
		};
		18BA79761BF347C000FFB8B1 /* LaunchScreen.xib */ = {
			isa = PBXVariantGroup;
			children = (
				18BA79771BF347C000FFB8B1 /* Base */,
			);
			name = LaunchScreen.xib;
			sourceTree = "<group>";
		};
/* End PBXVariantGroup section */

/* Begin XCBuildConfiguration section */
		18BA79851BF347C000FFB8B1 /* Debug */ = {
			isa = XCBuildConfiguration;
			buildSettings = {
				ALWAYS_SEARCH_USER_PATHS = NO;
				CLANG_CXX_LANGUAGE_STANDARD = "gnu++0x";
				CLANG_CXX_LIBRARY = "libc++";
				CLANG_ENABLE_MODULES = YES;
				CLANG_ENABLE_OBJC_ARC = YES;
				CLANG_WARN_BOOL_CONVERSION = YES;
				CLANG_WARN_CONSTANT_CONVERSION = YES;
				CLANG_WARN_DIRECT_OBJC_ISA_USAGE = YES_ERROR;
				CLANG_WARN_EMPTY_BODY = YES;
				CLANG_WARN_ENUM_CONVERSION = YES;
				CLANG_WARN_INT_CONVERSION = YES;
				CLANG_WARN_OBJC_ROOT_CLASS = YES_ERROR;
				CLANG_WARN_UNREACHABLE_CODE = YES;
				CLANG_WARN__DUPLICATE_METHOD_MATCH = YES;
				"CODE_SIGN_IDENTITY[sdk=iphoneos*]" = "iPhone Developer";
				COPY_PHASE_STRIP = NO;
				DEBUG_INFORMATION_FORMAT = "dwarf-with-dsym";
				ENABLE_STRICT_OBJC_MSGSEND = YES;
				GCC_C_LANGUAGE_STANDARD = gnu99;
				GCC_DYNAMIC_NO_PIC = NO;
				GCC_NO_COMMON_BLOCKS = YES;
				GCC_OPTIMIZATION_LEVEL = 0;
				GCC_PREPROCESSOR_DEFINITIONS = (
					"DEBUG=1",
					"$(inherited)",
				);
				GCC_SYMBOLS_PRIVATE_EXTERN = NO;
				GCC_WARN_64_TO_32_BIT_CONVERSION = YES;
				GCC_WARN_ABOUT_RETURN_TYPE = YES_ERROR;
				GCC_WARN_UNDECLARED_SELECTOR = YES;
				GCC_WARN_UNINITIALIZED_AUTOS = YES_AGGRESSIVE;
				GCC_WARN_UNUSED_FUNCTION = YES;
				GCC_WARN_UNUSED_VARIABLE = YES;
				IPHONEOS_DEPLOYMENT_TARGET = 8.3;
				MTL_ENABLE_DEBUG_INFO = YES;
				ONLY_ACTIVE_ARCH = YES;
				SDKROOT = iphoneos;
			};
			name = Debug;
		};
		18BA79861BF347C000FFB8B1 /* Release */ = {
			isa = XCBuildConfiguration;
			buildSettings = {
				ALWAYS_SEARCH_USER_PATHS = NO;
				CLANG_CXX_LANGUAGE_STANDARD = "gnu++0x";
				CLANG_CXX_LIBRARY = "libc++";
				CLANG_ENABLE_MODULES = YES;
				CLANG_ENABLE_OBJC_ARC = YES;
				CLANG_WARN_BOOL_CONVERSION = YES;
				CLANG_WARN_CONSTANT_CONVERSION = YES;
				CLANG_WARN_DIRECT_OBJC_ISA_USAGE = YES_ERROR;
				CLANG_WARN_EMPTY_BODY = YES;
				CLANG_WARN_ENUM_CONVERSION = YES;
				CLANG_WARN_INT_CONVERSION = YES;
				CLANG_WARN_OBJC_ROOT_CLASS = YES_ERROR;
				CLANG_WARN_UNREACHABLE_CODE = YES;
				CLANG_WARN__DUPLICATE_METHOD_MATCH = YES;
				"CODE_SIGN_IDENTITY[sdk=iphoneos*]" = "iPhone Developer";
				COPY_PHASE_STRIP = NO;
				DEBUG_INFORMATION_FORMAT = "dwarf-with-dsym";
				ENABLE_NS_ASSERTIONS = NO;
				ENABLE_STRICT_OBJC_MSGSEND = YES;
				GCC_C_LANGUAGE_STANDARD = gnu99;
				GCC_NO_COMMON_BLOCKS = YES;
				GCC_WARN_64_TO_32_BIT_CONVERSION = YES;
				GCC_WARN_ABOUT_RETURN_TYPE = YES_ERROR;
				GCC_WARN_UNDECLARED_SELECTOR = YES;
				GCC_WARN_UNINITIALIZED_AUTOS = YES_AGGRESSIVE;
				GCC_WARN_UNUSED_FUNCTION = YES;
				GCC_WARN_UNUSED_VARIABLE = YES;
				IPHONEOS_DEPLOYMENT_TARGET = 8.3;
				MTL_ENABLE_DEBUG_INFO = NO;
				SDKROOT = iphoneos;
				VALIDATE_PRODUCT = YES;
			};
			name = Release;
		};
		18BA79881BF347C000FFB8B1 /* Debug */ = {
			isa = XCBuildConfiguration;
			buildSettings = {
				ASSETCATALOG_COMPILER_APPICON_NAME = AppIcon;
				INFOPLIST_FILE = abcd/Info.plist;
				LD_RUNPATH_SEARCH_PATHS = "$(inherited) @executable_path/Frameworks";
				PRODUCT_NAME = "$(TARGET_NAME)";
			};
			name = Debug;
		};
		18BA79891BF347C000FFB8B1 /* Release */ = {
			isa = XCBuildConfiguration;
			buildSettings = {
				ASSETCATALOG_COMPILER_APPICON_NAME = AppIcon;
				INFOPLIST_FILE = abcd/Info.plist;
				LD_RUNPATH_SEARCH_PATHS = "$(inherited) @executable_path/Frameworks";
				PRODUCT_NAME = "$(TARGET_NAME)";
			};
			name = Release;
		};
		18BA798B1BF347C000FFB8B1 /* Debug */ = {
			isa = XCBuildConfiguration;
			buildSettings = {
				BUNDLE_LOADER = "$(TEST_HOST)";
				FRAMEWORK_SEARCH_PATHS = (
					"$(SDKROOT)/Developer/Library/Frameworks",
					"$(inherited)",
				);
				GCC_PREPROCESSOR_DEFINITIONS = (
					"DEBUG=1",
					"$(inherited)",
				);
				INFOPLIST_FILE = abcdTests/Info.plist;
				LD_RUNPATH_SEARCH_PATHS = "$(inherited) @executable_path/Frameworks @loader_path/Frameworks";
				PRODUCT_NAME = "$(TARGET_NAME)";
				TEST_HOST = "$(BUILT_PRODUCTS_DIR)/abcd.app/abcd";
			};
			name = Debug;
		};
		18BA798C1BF347C000FFB8B1 /* Release */ = {
			isa = XCBuildConfiguration;
			buildSettings = {
				BUNDLE_LOADER = "$(TEST_HOST)";
				FRAMEWORK_SEARCH_PATHS = (
					"$(SDKROOT)/Developer/Library/Frameworks",
					"$(inherited)",
				);
				INFOPLIST_FILE = abcdTests/Info.plist;
				LD_RUNPATH_SEARCH_PATHS = "$(inherited) @executable_path/Frameworks @loader_path/Frameworks";
				PRODUCT_NAME = "$(TARGET_NAME)";
				TEST_HOST = "$(BUILT_PRODUCTS_DIR)/abcd.app/abcd";
			};
			name = Release;
		};
/* End XCBuildConfiguration section */

/* Begin XCConfigurationList section */
		18BA795F1BF347C000FFB8B1 /* Build configuration list for PBXProject "abcd" */ = {
			isa = XCConfigurationList;
			buildConfigurations = (
				18BA79851BF347C000FFB8B1 /* Debug */,
				18BA79861BF347C000FFB8B1 /* Release */,
			);
			defaultConfigurationIsVisible = 0;
			defaultConfigurationName = Release;
		};
		18BA79871BF347C000FFB8B1 /* Build configuration list for PBXNativeTarget "abcd" */ = {
			isa = XCConfigurationList;
			buildConfigurations = (
				18BA79881BF347C000FFB8B1 /* Debug */,
				18BA79891BF347C000FFB8B1 /* Release */,
			);
			defaultConfigurationIsVisible = 0;
		};
		18BA798A1BF347C000FFB8B1 /* Build configuration list for PBXNativeTarget "abcdTests" */ = {
			isa = XCConfigurationList;
			buildConfigurations = (
				18BA798B1BF347C000FFB8B1 /* Debug */,
				18BA798C1BF347C000FFB8B1 /* Release */,
			);
			defaultConfigurationIsVisible = 0;
		};
/* End XCConfigurationList section */
	};
	rootObject = 18BA795C1BF347C000FFB8B1 /* Project object */;
}
